{
  "originHash" : "2df5128a632278ba1d84f06770428b6922576f8d00762df7574928c33f112e9c",
  "pins" : [
    {
      "identity" : "richtextkit",
      "kind" : "remoteSourceControl",
      "location" : "https://github.com/danielsaidi/RichTextKit",
      "state" : {
        "branch" : "main",
        "revision" : "3081c722c9cdc7e5934d8e4e791f676751aff684"
      }
    },
    {
      "identity" : "zipfoundation",
      "kind" : "remoteSourceControl",
      "location" : "https://github.com/weichsel/ZIPFoundation",
      "state" : {
        "revision" : "22787ffb59de99e5dc1fbfe80b19c97a904ad48d",
        "version" : "0.9.20"
      }
    }
  ],
  "version" : 3
}
